
Microsoft Visual Studio Solution File, Format Version 11.00
# Visual Studio 2010
Project("{FAE04EC0-301F-11D3-BF4B-00C04F79EFBC}") = "Unity.2D.Tilemap.Extras", "Unity.2D.Tilemap.Extras.csproj", "{f1708f38-d90c-2bd8-0c41-b78d9897cd09}"
EndProject
Project("{FAE04EC0-301F-11D3-BF4B-00C04F79EFBC}") = "Assembly-CSharp", "Assembly-CSharp.csproj", "{829ba2c6-a2c6-0c80-459a-c57ecad3a564}"
EndProject
Project("{FAE04EC0-301F-11D3-BF4B-00C04F79EFBC}") = "Unity.2D.Tilemap.Extras.Editor", "Unity.2D.Tilemap.Extras.Editor.csproj", "{ff8203d4-ef47-8ef2-9987-d70aff2f07d6}"
EndProject
Project("{FAE04EC0-301F-11D3-BF4B-00C04F79EFBC}") = "Unity.2D.Tilemap.Extras.Placeholder.EditorTests", "Unity.2D.Tilemap.Extras.Placeholder.EditorTests.csproj", "{f319a8ad-af4a-52ec-08c1-40b05630956e}"
EndProject
Project("{FAE04EC0-301F-11D3-BF4B-00C04F79EFBC}") = "Assembly-CSharp-Editor-firstpass", "Assembly-CSharp-Editor-firstpass.csproj", "{5e7e4f9f-f7a3-88cb-49b6-dca074d35c59}"
EndProject
Global
	GlobalSection(SolutionConfigurationPlatforms) = preSolution
		Debug|Any CPU = Debug|Any CPU
	EndGlobalSection
	GlobalSection(ProjectConfigurationPlatforms) = postSolution
		{f1708f38-d90c-2bd8-0c41-b78d9897cd09}.Debug|Any CPU.ActiveCfg = Debug|Any CPU
		{f1708f38-d90c-2bd8-0c41-b78d9897cd09}.Debug|Any CPU.Build.0 = Debug|Any CPU
		{829ba2c6-a2c6-0c80-459a-c57ecad3a564}.Debug|Any CPU.ActiveCfg = Debug|Any CPU
		{829ba2c6-a2c6-0c80-459a-c57ecad3a564}.Debug|Any CPU.Build.0 = Debug|Any CPU
		{ff8203d4-ef47-8ef2-9987-d70aff2f07d6}.Debug|Any CPU.ActiveCfg = Debug|Any CPU
		{ff8203d4-ef47-8ef2-9987-d70aff2f07d6}.Debug|Any CPU.Build.0 = Debug|Any CPU
		{f319a8ad-af4a-52ec-08c1-40b05630956e}.Debug|Any CPU.ActiveCfg = Debug|Any CPU
		{f319a8ad-af4a-52ec-08c1-40b05630956e}.Debug|Any CPU.Build.0 = Debug|Any CPU
		{5e7e4f9f-f7a3-88cb-49b6-dca074d35c59}.Debug|Any CPU.ActiveCfg = Debug|Any CPU
		{5e7e4f9f-f7a3-88cb-49b6-dca074d35c59}.Debug|Any CPU.Build.0 = Debug|Any CPU
	EndGlobalSection
	GlobalSection(SolutionProperties) = preSolution
		HideSolutionNode = FALSE
	EndGlobalSection
EndGlobal
