
Microsoft Visual Studio Solution File, Format Version 12.00
# Visual Studio 15
Project("{FAE04EC0-301F-11D3-BF4B-00C04F79EFBC}") = "Assembly-CSharp", "Assembly-CSharp.csproj", "{324F46CA-58B3-5B29-D37C-E724C9B7A4F7}"
EndProject
Project("{FAE04EC0-301F-11D3-BF4B-00C04F79EFBC}") = "Unity.2D.Tilemap.Extras", "Unity.2D.Tilemap.Extras.csproj", "{72B6721A-92ED-065D-9102-ACFB8151C58F}"
EndProject
Project("{FAE04EC0-301F-11D3-BF4B-00C04F79EFBC}") = "Unity.2D.Tilemap.Extras.Editor", "Unity.2D.Tilemap.Extras.Editor.csproj", "{B28729B7-8B65-51D3-5EC3-7EC64DE6BEB5}"
EndProject
Project("{FAE04EC0-301F-11D3-BF4B-00C04F79EFBC}") = "Assembly-CSharp-Editor", "Assembly-CSharp-Editor.csproj", "{FD06B0AB-C258-0081-69AE-9D34BE9EACBC}"
EndProject
Project("{FAE04EC0-301F-11D3-BF4B-00C04F79EFBC}") = "Unity.2D.Tilemap.Extras.Placeholder.EditorTests", "Unity.2D.Tilemap.Extras.Placeholder.EditorTests.csproj", "{C2532865-D7BB-FB3F-08AC-621BDBB3678B}"
EndProject
Global
	GlobalSection(SolutionConfigurationPlatforms) = preSolution
		Debug|Any CPU = Debug|Any CPU
		Release|Any CPU = Release|Any CPU
	EndGlobalSection
	GlobalSection(ProjectConfigurationPlatforms) = postSolution
		{324F46CA-58B3-5B29-D37C-E724C9B7A4F7}.Debug|Any CPU.ActiveCfg = Debug|Any CPU
		{324F46CA-58B3-5B29-D37C-E724C9B7A4F7}.Debug|Any CPU.Build.0 = Debug|Any CPU
		{324F46CA-58B3-5B29-D37C-E724C9B7A4F7}.Release|Any CPU.ActiveCfg = Release|Any CPU
		{324F46CA-58B3-5B29-D37C-E724C9B7A4F7}.Release|Any CPU.Build.0 = Release|Any CPU
		{72B6721A-92ED-065D-9102-ACFB8151C58F}.Debug|Any CPU.ActiveCfg = Debug|Any CPU
		{72B6721A-92ED-065D-9102-ACFB8151C58F}.Debug|Any CPU.Build.0 = Debug|Any CPU
		{72B6721A-92ED-065D-9102-ACFB8151C58F}.Release|Any CPU.ActiveCfg = Release|Any CPU
		{72B6721A-92ED-065D-9102-ACFB8151C58F}.Release|Any CPU.Build.0 = Release|Any CPU
		{B28729B7-8B65-51D3-5EC3-7EC64DE6BEB5}.Debug|Any CPU.ActiveCfg = Debug|Any CPU
		{B28729B7-8B65-51D3-5EC3-7EC64DE6BEB5}.Debug|Any CPU.Build.0 = Debug|Any CPU
		{B28729B7-8B65-51D3-5EC3-7EC64DE6BEB5}.Release|Any CPU.ActiveCfg = Release|Any CPU
		{B28729B7-8B65-51D3-5EC3-7EC64DE6BEB5}.Release|Any CPU.Build.0 = Release|Any CPU
		{FD06B0AB-C258-0081-69AE-9D34BE9EACBC}.Debug|Any CPU.ActiveCfg = Debug|Any CPU
		{FD06B0AB-C258-0081-69AE-9D34BE9EACBC}.Debug|Any CPU.Build.0 = Debug|Any CPU
		{FD06B0AB-C258-0081-69AE-9D34BE9EACBC}.Release|Any CPU.ActiveCfg = Release|Any CPU
		{FD06B0AB-C258-0081-69AE-9D34BE9EACBC}.Release|Any CPU.Build.0 = Release|Any CPU
		{C2532865-D7BB-FB3F-08AC-621BDBB3678B}.Debug|Any CPU.ActiveCfg = Debug|Any CPU
		{C2532865-D7BB-FB3F-08AC-621BDBB3678B}.Debug|Any CPU.Build.0 = Debug|Any CPU
		{C2532865-D7BB-FB3F-08AC-621BDBB3678B}.Release|Any CPU.ActiveCfg = Release|Any CPU
		{C2532865-D7BB-FB3F-08AC-621BDBB3678B}.Release|Any CPU.Build.0 = Release|Any CPU
	EndGlobalSection
	GlobalSection(SolutionProperties) = preSolution
		HideSolutionNode = FALSE
	EndGlobalSection
EndGlobal
